{
  "name": "nemlog-post-51780",
  "version": "1.0.0",
  "lockfileVersion": 2,
  "requires": true,
  "packages": {
    "": {
      "version": "1.0.0",
      "license": "ISC",
      "dependencies": {
        "ccxt": "^1.38.63"
      }
    },
    "node_modules/ccxt": {
      "version": "1.38.63",
      "resolved": "https://registry.npmjs.org/ccxt/-/ccxt-1.38.63.tgz",
      "integrity": "sha512-DTQi349RJ+aVDRtoEPMyIoGJYkreOvvg24M9zQhBqJqZh5CoPLUlnUBeUBGcrKAx1ScuFk0mzt+AapTj7zW4zQ==",
      "hasInstallScript": true,
      "engines": {
        "node": ">=7.6.0"
      }
    }
  },
  "dependencies": {
    "ccxt": {
      "version": "1.38.63",
      "resolved": "https://registry.npmjs.org/ccxt/-/ccxt-1.38.63.tgz",
      "integrity": "sha512-DTQi349RJ+aVDRtoEPMyIoGJYkreOvvg24M9zQhBqJqZh5CoPLUlnUBeUBGcrKAx1ScuFk0mzt+AapTj7zW4zQ=="
    }
  }
}
